
Microsoft Visual Studio Solution File, Format Version 12.00
Project("{FAE04EC0-301F-11D3-BF4B-00C04F79EFBC}") = "BracketBotTest", "BracketBotTest\BracketBotTest.csproj", "{59E6B780-646A-4397-8E0E-F13C91CEAFAD}"
EndProject
Global
	GlobalSection(SolutionConfigurationPlatforms) = preSolution
		Debug|Any CPU = Debug|Any CPU
		Release|Any CPU = Release|Any CPU
	EndGlobalSection
	GlobalSection(ProjectConfigurationPlatforms) = postSolution
		{59E6B780-646A-4397-8E0E-F13C91CEAFAD}.Debug|Any CPU.ActiveCfg = Debug|Any CPU
		{59E6B780-646A-4397-8E0E-F13C91CEAFAD}.Debug|Any CPU.Build.0 = Debug|Any CPU
		{59E6B780-646A-4397-8E0E-F13C91CEAFAD}.Release|Any CPU.ActiveCfg = Release|Any CPU
		{59E6B780-646A-4397-8E0E-F13C91CEAFAD}.Release|Any CPU.Build.0 = Release|Any CPU
	EndGlobalSection
EndGlobal
